
Microsoft Visual Studio Solution File, Format Version 12.00
# Visual Studio Version 17
VisualStudioVersion = 17.5.33502.453
MinimumVisualStudioVersion = 10.0.40219.1
Project("{9A19103F-16F7-4668-BE54-9A1E7A4F7556}") = "website", "website.csproj", "{5E3F818B-BFB8-4A7D-944D-AF01EE39E4B8}"
EndProject
Project("{9A19103F-16F7-4668-BE54-9A1E7A4F7556}") = "MSIT158API", "..\MSIT158API\MSIT158API.csproj", "{5409CC9D-B253-4AC5-A12A-A96F0101C52C}"
EndProject
Global
	GlobalSection(SolutionConfigurationPlatforms) = preSolution
		Debug|Any CPU = Debug|Any CPU
		Release|Any CPU = Release|Any CPU
	EndGlobalSection
	GlobalSection(ProjectConfigurationPlatforms) = postSolution
		{5E3F818B-BFB8-4A7D-944D-AF01EE39E4B8}.Debug|Any CPU.ActiveCfg = Debug|Any CPU
		{5E3F818B-BFB8-4A7D-944D-AF01EE39E4B8}.Debug|Any CPU.Build.0 = Debug|Any CPU
		{5E3F818B-BFB8-4A7D-944D-AF01EE39E4B8}.Release|Any CPU.ActiveCfg = Release|Any CPU
		{5E3F818B-BFB8-4A7D-944D-AF01EE39E4B8}.Release|Any CPU.Build.0 = Release|Any CPU
		{5409CC9D-B253-4AC5-A12A-A96F0101C52C}.Debug|Any CPU.ActiveCfg = Debug|Any CPU
		{5409CC9D-B253-4AC5-A12A-A96F0101C52C}.Debug|Any CPU.Build.0 = Debug|Any CPU
		{5409CC9D-B253-4AC5-A12A-A96F0101C52C}.Release|Any CPU.ActiveCfg = Release|Any CPU
		{5409CC9D-B253-4AC5-A12A-A96F0101C52C}.Release|Any CPU.Build.0 = Release|Any CPU
	EndGlobalSection
	GlobalSection(SolutionProperties) = preSolution
		HideSolutionNode = FALSE
	EndGlobalSection
	GlobalSection(ExtensibilityGlobals) = postSolution
		SolutionGuid = {180DBB37-23CE-4382-8CAD-BD6EA8185A4A}
	EndGlobalSection
EndGlobal
